// !$*UTF8*$!
{
	archiveVersion = 1;
	classes = {
	};
	objectVersion = 55;
	objects = {

/* Begin PBXBuildFile section */
		3BA3FFB728638B7200F9524C /* AppDelegate.swift in Sources */ = {isa = PBXBuildFile; fileRef = 3BA3FFB628638B7200F9524C /* AppDelegate.swift */; };
		3BA3FFB928638B7200F9524C /* SceneDelegate.swift in Sources */ = {isa = PBXBuildFile; fileRef = 3BA3FFB828638B7200F9524C /* SceneDelegate.swift */; };
		3BA3FFC028638B7300F9524C /* Assets.xcassets in Resources */ = {isa = PBXBuildFile; fileRef = 3BA3FFBF28638B7300F9524C /* Assets.xcassets */; };
		3BA3FFC328638B7300F9524C /* LaunchScreen.storyboard in Resources */ = {isa = PBXBuildFile; fileRef = 3BA3FFC128638B7300F9524C /* LaunchScreen.storyboard */; };
		3BA3FFCF28638BAD00F9524C /* APICaller.swift in Sources */ = {isa = PBXBuildFile; fileRef = 3BA3FFCC28638BAD00F9524C /* APICaller.swift */; };
		3BA3FFD028638BAD00F9524C /* AuthManger.swift in Sources */ = {isa = PBXBuildFile; fileRef = 3BA3FFCD28638BAD00F9524C /* AuthManger.swift */; };
		3BA3FFD128638BAD00F9524C /* HapsticManger.swift in Sources */ = {isa = PBXBuildFile; fileRef = 3BA3FFCE28638BAD00F9524C /* HapsticManger.swift */; };
		3BA3FFD828638BCD00F9524C /* Artist.swift in Sources */ = {isa = PBXBuildFile; fileRef = 3BA3FFD428638BCD00F9524C /* Artist.swift */; };
		3BA3FFD928638BCD00F9524C /* AudioTrack.swift in Sources */ = {isa = PBXBuildFile; fileRef = 3BA3FFD528638BCD00F9524C /* AudioTrack.swift */; };
		3BA3FFDA28638BCD00F9524C /* Playlist.swift in Sources */ = {isa = PBXBuildFile; fileRef = 3BA3FFD628638BCD00F9524C /* Playlist.swift */; };
		3BA3FFDB28638BCD00F9524C /* UserProfile.swift in Sources */ = {isa = PBXBuildFile; fileRef = 3BA3FFD728638BCD00F9524C /* UserProfile.swift */; };
		3BA3FFE428638C1100F9524C /* TabBarViewController.swift in Sources */ = {isa = PBXBuildFile; fileRef = 3BA3FFE028638C1000F9524C /* TabBarViewController.swift */; };
		3BA3FFE528638C1100F9524C /* HomeViewController.swift in Sources */ = {isa = PBXBuildFile; fileRef = 3BA3FFE128638C1000F9524C /* HomeViewController.swift */; };
		3BA3FFE628638C1100F9524C /* SearchViewController.swift in Sources */ = {isa = PBXBuildFile; fileRef = 3BA3FFE228638C1100F9524C /* SearchViewController.swift */; };
		3BA3FFE728638C1100F9524C /* LibaryViewController.swift in Sources */ = {isa = PBXBuildFile; fileRef = 3BA3FFE328638C1100F9524C /* LibaryViewController.swift */; };
		3BA3FFEF28638C1B00F9524C /* SettingsViewController.swift in Sources */ = {isa = PBXBuildFile; fileRef = 3BA3FFE828638C1B00F9524C /* SettingsViewController.swift */; };
		3BA3FFF028638C1B00F9524C /* AuthViewController.swift in Sources */ = {isa = PBXBuildFile; fileRef = 3BA3FFE928638C1B00F9524C /* AuthViewController.swift */; };
		3BA3FFF128638C1B00F9524C /* PlayerViewController.swift in Sources */ = {isa = PBXBuildFile; fileRef = 3BA3FFEA28638C1B00F9524C /* PlayerViewController.swift */; };
		3BA3FFF228638C1B00F9524C /* WelcomeViewController.swift in Sources */ = {isa = PBXBuildFile; fileRef = 3BA3FFEB28638C1B00F9524C /* WelcomeViewController.swift */; };
		3BA3FFF328638C1B00F9524C /* PlaylistViewController.swift in Sources */ = {isa = PBXBuildFile; fileRef = 3BA3FFEC28638C1B00F9524C /* PlaylistViewController.swift */; };
		3BA3FFF428638C1B00F9524C /* SearchResultViewController.swift in Sources */ = {isa = PBXBuildFile; fileRef = 3BA3FFED28638C1B00F9524C /* SearchResultViewController.swift */; };
		3BA3FFF528638C1B00F9524C /* ProfileViewController.swift in Sources */ = {isa = PBXBuildFile; fileRef = 3BA3FFEE28638C1B00F9524C /* ProfileViewController.swift */; };
		3BA3FFF72863B12800F9524C /* Extensions.swift in Sources */ = {isa = PBXBuildFile; fileRef = 3BA3FFF62863B12800F9524C /* Extensions.swift */; };
/* End PBXBuildFile section */

/* Begin PBXFileReference section */
		3BA3FFB328638B7200F9524C /* SpotifyClone.app */ = {isa = PBXFileReference; explicitFileType = wrapper.application; includeInIndex = 0; path = SpotifyClone.app; sourceTree = BUILT_PRODUCTS_DIR; };
		3BA3FFB628638B7200F9524C /* AppDelegate.swift */ = {isa = PBXFileReference; lastKnownFileType = sourcecode.swift; path = AppDelegate.swift; sourceTree = "<group>"; };
		3BA3FFB828638B7200F9524C /* SceneDelegate.swift */ = {isa = PBXFileReference; lastKnownFileType = sourcecode.swift; path = SceneDelegate.swift; sourceTree = "<group>"; };
		3BA3FFBF28638B7300F9524C /* Assets.xcassets */ = {isa = PBXFileReference; lastKnownFileType = folder.assetcatalog; path = Assets.xcassets; sourceTree = "<group>"; };
		3BA3FFC228638B7300F9524C /* Base */ = {isa = PBXFileReference; lastKnownFileType = file.storyboard; name = Base; path = Base.lproj/LaunchScreen.storyboard; sourceTree = "<group>"; };
		3BA3FFC428638B7300F9524C /* Info.plist */ = {isa = PBXFileReference; lastKnownFileType = text.plist.xml; path = Info.plist; sourceTree = "<group>"; };
		3BA3FFCC28638BAD00F9524C /* APICaller.swift */ = {isa = PBXFileReference; fileEncoding = 4; lastKnownFileType = sourcecode.swift; path = APICaller.swift; sourceTree = "<group>"; };
		3BA3FFCD28638BAD00F9524C /* AuthManger.swift */ = {isa = PBXFileReference; fileEncoding = 4; lastKnownFileType = sourcecode.swift; path = AuthManger.swift; sourceTree = "<group>"; };
		3BA3FFCE28638BAD00F9524C /* HapsticManger.swift */ = {isa = PBXFileReference; fileEncoding = 4; lastKnownFileType = sourcecode.swift; path = HapsticManger.swift; sourceTree = "<group>"; };
		3BA3FFD428638BCD00F9524C /* Artist.swift */ = {isa = PBXFileReference; fileEncoding = 4; lastKnownFileType = sourcecode.swift; path = Artist.swift; sourceTree = "<group>"; };
		3BA3FFD528638BCD00F9524C /* AudioTrack.swift */ = {isa = PBXFileReference; fileEncoding = 4; lastKnownFileType = sourcecode.swift; path = AudioTrack.swift; sourceTree = "<group>"; };
		3BA3FFD628638BCD00F9524C /* Playlist.swift */ = {isa = PBXFileReference; fileEncoding = 4; lastKnownFileType = sourcecode.swift; path = Playlist.swift; sourceTree = "<group>"; };
		3BA3FFD728638BCD00F9524C /* UserProfile.swift */ = {isa = PBXFileReference; fileEncoding = 4; lastKnownFileType = sourcecode.swift; path = UserProfile.swift; sourceTree = "<group>"; };
		3BA3FFE028638C1000F9524C /* TabBarViewController.swift */ = {isa = PBXFileReference; fileEncoding = 4; lastKnownFileType = sourcecode.swift; path = TabBarViewController.swift; sourceTree = "<group>"; };
		3BA3FFE128638C1000F9524C /* HomeViewController.swift */ = {isa = PBXFileReference; fileEncoding = 4; lastKnownFileType = sourcecode.swift; path = HomeViewController.swift; sourceTree = "<group>"; };
		3BA3FFE228638C1100F9524C /* SearchViewController.swift */ = {isa = PBXFileReference; fileEncoding = 4; lastKnownFileType = sourcecode.swift; path = SearchViewController.swift; sourceTree = "<group>"; };
		3BA3FFE328638C1100F9524C /* LibaryViewController.swift */ = {isa = PBXFileReference; fileEncoding = 4; lastKnownFileType = sourcecode.swift; path = LibaryViewController.swift; sourceTree = "<group>"; };
		3BA3FFE828638C1B00F9524C /* SettingsViewController.swift */ = {isa = PBXFileReference; fileEncoding = 4; lastKnownFileType = sourcecode.swift; path = SettingsViewController.swift; sourceTree = "<group>"; };
		3BA3FFE928638C1B00F9524C /* AuthViewController.swift */ = {isa = PBXFileReference; fileEncoding = 4; lastKnownFileType = sourcecode.swift; path = AuthViewController.swift; sourceTree = "<group>"; };
		3BA3FFEA28638C1B00F9524C /* PlayerViewController.swift */ = {isa = PBXFileReference; fileEncoding = 4; lastKnownFileType = sourcecode.swift; path = PlayerViewController.swift; sourceTree = "<group>"; };
		3BA3FFEB28638C1B00F9524C /* WelcomeViewController.swift */ = {isa = PBXFileReference; fileEncoding = 4; lastKnownFileType = sourcecode.swift; path = WelcomeViewController.swift; sourceTree = "<group>"; };
		3BA3FFEC28638C1B00F9524C /* PlaylistViewController.swift */ = {isa = PBXFileReference; fileEncoding = 4; lastKnownFileType = sourcecode.swift; path = PlaylistViewController.swift; sourceTree = "<group>"; };
		3BA3FFED28638C1B00F9524C /* SearchResultViewController.swift */ = {isa = PBXFileReference; fileEncoding = 4; lastKnownFileType = sourcecode.swift; path = SearchResultViewController.swift; sourceTree = "<group>"; };
		3BA3FFEE28638C1B00F9524C /* ProfileViewController.swift */ = {isa = PBXFileReference; fileEncoding = 4; lastKnownFileType = sourcecode.swift; path = ProfileViewController.swift; sourceTree = "<group>"; };
		3BA3FFF62863B12800F9524C /* Extensions.swift */ = {isa = PBXFileReference; lastKnownFileType = sourcecode.swift; path = Extensions.swift; sourceTree = "<group>"; };
/* End PBXFileReference section */

/* Begin PBXFrameworksBuildPhase section */
		3BA3FFB028638B7200F9524C /* Frameworks */ = {
			isa = PBXFrameworksBuildPhase;
			buildActionMask = 2147483647;
			files = (
			);
			runOnlyForDeploymentPostprocessing = 0;
		};
/* End PBXFrameworksBuildPhase section */

/* Begin PBXGroup section */
		3BA3FFAA28638B7200F9524C = {
			isa = PBXGroup;
			children = (
				3BA3FFB528638B7200F9524C /* SpotifyClone */,
				3BA3FFB428638B7200F9524C /* Products */,
			);
			sourceTree = "<group>";
		};
		3BA3FFB428638B7200F9524C /* Products */ = {
			isa = PBXGroup;
			children = (
				3BA3FFB328638B7200F9524C /* SpotifyClone.app */,
			);
			name = Products;
			sourceTree = "<group>";
		};
		3BA3FFB528638B7200F9524C /* SpotifyClone */ = {
			isa = PBXGroup;
			children = (
				3BA3FFDD28638BEF00F9524C /* Controllers */,
				3BA3FFDC28638BD000F9524C /* Viwes */,
				3BA3FFD328638BC000F9524C /* Models */,
				3BA3FFD228638BB100F9524C /* ViewModels */,
				3BA3FFCB28638BA200F9524C /* Mangers */,
				3BA3FFCA28638B9300F9524C /* Resources */,
				3BA3FFC428638B7300F9524C /* Info.plist */,
			);
			path = SpotifyClone;
			sourceTree = "<group>";
		};
		3BA3FFCA28638B9300F9524C /* Resources */ = {
			isa = PBXGroup;
			children = (
				3BA3FFB628638B7200F9524C /* AppDelegate.swift */,
				3BA3FFB828638B7200F9524C /* SceneDelegate.swift */,
				3BA3FFBF28638B7300F9524C /* Assets.xcassets */,
				3BA3FFF62863B12800F9524C /* Extensions.swift */,
			);
			path = Resources;
			sourceTree = "<group>";
		};
		3BA3FFCB28638BA200F9524C /* Mangers */ = {
			isa = PBXGroup;
			children = (
				3BA3FFCC28638BAD00F9524C /* APICaller.swift */,
				3BA3FFCD28638BAD00F9524C /* AuthManger.swift */,
				3BA3FFCE28638BAD00F9524C /* HapsticManger.swift */,
			);
			path = Mangers;
			sourceTree = "<group>";
		};
		3BA3FFD228638BB100F9524C /* ViewModels */ = {
			isa = PBXGroup;
			children = (
			);
			path = ViewModels;
			sourceTree = "<group>";
		};
		3BA3FFD328638BC000F9524C /* Models */ = {
			isa = PBXGroup;
			children = (
				3BA3FFD428638BCD00F9524C /* Artist.swift */,
				3BA3FFD528638BCD00F9524C /* AudioTrack.swift */,
				3BA3FFD628638BCD00F9524C /* Playlist.swift */,
				3BA3FFD728638BCD00F9524C /* UserProfile.swift */,
			);
			path = Models;
			sourceTree = "<group>";
		};
		3BA3FFDC28638BD000F9524C /* Viwes */ = {
			isa = PBXGroup;
			children = (
				3BA3FFC128638B7300F9524C /* LaunchScreen.storyboard */,
			);
			path = Viwes;
			sourceTree = "<group>";
		};
		3BA3FFDD28638BEF00F9524C /* Controllers */ = {
			isa = PBXGroup;
			children = (
				3BA3FFDF28638C0100F9524C /* Others */,
				3BA3FFDE28638BFB00F9524C /* Core */,
			);
			path = Controllers;
			sourceTree = "<group>";
		};
		3BA3FFDE28638BFB00F9524C /* Core */ = {
			isa = PBXGroup;
			children = (
				3BA3FFE128638C1000F9524C /* HomeViewController.swift */,
				3BA3FFE328638C1100F9524C /* LibaryViewController.swift */,
				3BA3FFE228638C1100F9524C /* SearchViewController.swift */,
				3BA3FFE028638C1000F9524C /* TabBarViewController.swift */,
			);
			path = Core;
			sourceTree = "<group>";
		};
		3BA3FFDF28638C0100F9524C /* Others */ = {
			isa = PBXGroup;
			children = (
				3BA3FFE928638C1B00F9524C /* AuthViewController.swift */,
				3BA3FFEB28638C1B00F9524C /* WelcomeViewController.swift */,
				3BA3FFEA28638C1B00F9524C /* PlayerViewController.swift */,
				3BA3FFEC28638C1B00F9524C /* PlaylistViewController.swift */,
				3BA3FFEE28638C1B00F9524C /* ProfileViewController.swift */,
				3BA3FFED28638C1B00F9524C /* SearchResultViewController.swift */,
				3BA3FFE828638C1B00F9524C /* SettingsViewController.swift */,
			);
			path = Others;
			sourceTree = "<group>";
		};
/* End PBXGroup section */

/* Begin PBXNativeTarget section */
		3BA3FFB228638B7200F9524C /* SpotifyClone */ = {
			isa = PBXNativeTarget;
			buildConfigurationList = 3BA3FFC728638B7300F9524C /* Build configuration list for PBXNativeTarget "SpotifyClone" */;
			buildPhases = (
				3BA3FFAF28638B7200F9524C /* Sources */,
				3BA3FFB028638B7200F9524C /* Frameworks */,
				3BA3FFB128638B7200F9524C /* Resources */,
			);
			buildRules = (
			);
			dependencies = (
			);
			name = SpotifyClone;
			productName = SpotifyClone;
			productReference = 3BA3FFB328638B7200F9524C /* SpotifyClone.app */;
			productType = "com.apple.product-type.application";
		};
/* End PBXNativeTarget section */

/* Begin PBXProject section */
		3BA3FFAB28638B7200F9524C /* Project object */ = {
			isa = PBXProject;
			attributes = {
				BuildIndependentTargetsInParallel = 1;
				LastSwiftUpdateCheck = 1340;
				LastUpgradeCheck = 1340;
				TargetAttributes = {
					3BA3FFB228638B7200F9524C = {
						CreatedOnToolsVersion = 13.4.1;
					};
				};
			};
			buildConfigurationList = 3BA3FFAE28638B7200F9524C /* Build configuration list for PBXProject "SpotifyClone" */;
			compatibilityVersion = "Xcode 13.0";
			developmentRegion = en;
			hasScannedForEncodings = 0;
			knownRegions = (
				en,
				Base,
			);
			mainGroup = 3BA3FFAA28638B7200F9524C;
			productRefGroup = 3BA3FFB428638B7200F9524C /* Products */;
			projectDirPath = "";
			projectRoot = "";
			targets = (
				3BA3FFB228638B7200F9524C /* SpotifyClone */,
			);
		};
/* End PBXProject section */

/* Begin PBXResourcesBuildPhase section */
		3BA3FFB128638B7200F9524C /* Resources */ = {
			isa = PBXResourcesBuildPhase;
			buildActionMask = 2147483647;
			files = (
				3BA3FFC328638B7300F9524C /* LaunchScreen.storyboard in Resources */,
				3BA3FFC028638B7300F9524C /* Assets.xcassets in Resources */,
			);
			runOnlyForDeploymentPostprocessing = 0;
		};
/* End PBXResourcesBuildPhase section */

/* Begin PBXSourcesBuildPhase section */
		3BA3FFAF28638B7200F9524C /* Sources */ = {
			isa = PBXSourcesBuildPhase;
			buildActionMask = 2147483647;
			files = (
				3BA3FFF328638C1B00F9524C /* PlaylistViewController.swift in Sources */,
				3BA3FFD128638BAD00F9524C /* HapsticManger.swift in Sources */,
				3BA3FFF428638C1B00F9524C /* SearchResultViewController.swift in Sources */,
				3BA3FFE728638C1100F9524C /* LibaryViewController.swift in Sources */,
				3BA3FFD028638BAD00F9524C /* AuthManger.swift in Sources */,
				3BA3FFE428638C1100F9524C /* TabBarViewController.swift in Sources */,
				3BA3FFF028638C1B00F9524C /* AuthViewController.swift in Sources */,
				3BA3FFDB28638BCD00F9524C /* UserProfile.swift in Sources */,
				3BA3FFDA28638BCD00F9524C /* Playlist.swift in Sources */,
				3BA3FFD928638BCD00F9524C /* AudioTrack.swift in Sources */,
				3BA3FFF228638C1B00F9524C /* WelcomeViewController.swift in Sources */,
				3BA3FFEF28638C1B00F9524C /* SettingsViewController.swift in Sources */,
				3BA3FFB728638B7200F9524C /* AppDelegate.swift in Sources */,
				3BA3FFF72863B12800F9524C /* Extensions.swift in Sources */,
				3BA3FFE628638C1100F9524C /* SearchViewController.swift in Sources */,
				3BA3FFB928638B7200F9524C /* SceneDelegate.swift in Sources */,
				3BA3FFCF28638BAD00F9524C /* APICaller.swift in Sources */,
				3BA3FFD828638BCD00F9524C /* Artist.swift in Sources */,
				3BA3FFF528638C1B00F9524C /* ProfileViewController.swift in Sources */,
				3BA3FFE528638C1100F9524C /* HomeViewController.swift in Sources */,
				3BA3FFF128638C1B00F9524C /* PlayerViewController.swift in Sources */,
			);
			runOnlyForDeploymentPostprocessing = 0;
		};
/* End PBXSourcesBuildPhase section */

/* Begin PBXVariantGroup section */
		3BA3FFC128638B7300F9524C /* LaunchScreen.storyboard */ = {
			isa = PBXVariantGroup;
			children = (
				3BA3FFC228638B7300F9524C /* Base */,
			);
			name = LaunchScreen.storyboard;
			sourceTree = "<group>";
		};
/* End PBXVariantGroup section */

/* Begin XCBuildConfiguration section */
		3BA3FFC528638B7300F9524C /* Debug */ = {
			isa = XCBuildConfiguration;
			buildSettings = {
				ALWAYS_SEARCH_USER_PATHS = NO;
				CLANG_ANALYZER_NONNULL = YES;
				CLANG_ANALYZER_NUMBER_OBJECT_CONVERSION = YES_AGGRESSIVE;
				CLANG_CXX_LANGUAGE_STANDARD = "gnu++17";
				CLANG_ENABLE_MODULES = YES;
				CLANG_ENABLE_OBJC_ARC = YES;
				CLANG_ENABLE_OBJC_WEAK = YES;
				CLANG_WARN_BLOCK_CAPTURE_AUTORELEASING = YES;
				CLANG_WARN_BOOL_CONVERSION = YES;
				CLANG_WARN_COMMA = YES;
				CLANG_WARN_CONSTANT_CONVERSION = YES;
				CLANG_WARN_DEPRECATED_OBJC_IMPLEMENTATIONS = YES;
				CLANG_WARN_DIRECT_OBJC_ISA_USAGE = YES_ERROR;
				CLANG_WARN_DOCUMENTATION_COMMENTS = YES;
				CLANG_WARN_EMPTY_BODY = YES;
				CLANG_WARN_ENUM_CONVERSION = YES;
				CLANG_WARN_INFINITE_RECURSION = YES;
				CLANG_WARN_INT_CONVERSION = YES;
				CLANG_WARN_NON_LITERAL_NULL_CONVERSION = YES;
				CLANG_WARN_OBJC_IMPLICIT_RETAIN_SELF = YES;
				CLANG_WARN_OBJC_LITERAL_CONVERSION = YES;
				CLANG_WARN_OBJC_ROOT_CLASS = YES_ERROR;
				CLANG_WARN_QUOTED_INCLUDE_IN_FRAMEWORK_HEADER = YES;
				CLANG_WARN_RANGE_LOOP_ANALYSIS = YES;
				CLANG_WARN_STRICT_PROTOTYPES = YES;
				CLANG_WARN_SUSPICIOUS_MOVE = YES;
				CLANG_WARN_UNGUARDED_AVAILABILITY = YES_AGGRESSIVE;
				CLANG_WARN_UNREACHABLE_CODE = YES;
				CLANG_WARN__DUPLICATE_METHOD_MATCH = YES;
				COPY_PHASE_STRIP = NO;
				DEBUG_INFORMATION_FORMAT = dwarf;
				ENABLE_STRICT_OBJC_MSGSEND = YES;
				ENABLE_TESTABILITY = YES;
				GCC_C_LANGUAGE_STANDARD = gnu11;
				GCC_DYNAMIC_NO_PIC = NO;
				GCC_NO_COMMON_BLOCKS = YES;
				GCC_OPTIMIZATION_LEVEL = 0;
				GCC_PREPROCESSOR_DEFINITIONS = (
					"DEBUG=1",
					"$(inherited)",
				);
				GCC_WARN_64_TO_32_BIT_CONVERSION = YES;
				GCC_WARN_ABOUT_RETURN_TYPE = YES_ERROR;
				GCC_WARN_UNDECLARED_SELECTOR = YES;
				GCC_WARN_UNINITIALIZED_AUTOS = YES_AGGRESSIVE;
				GCC_WARN_UNUSED_FUNCTION = YES;
				GCC_WARN_UNUSED_VARIABLE = YES;
				IPHONEOS_DEPLOYMENT_TARGET = 15.5;
				MTL_ENABLE_DEBUG_INFO = INCLUDE_SOURCE;
				MTL_FAST_MATH = YES;
				ONLY_ACTIVE_ARCH = YES;
				SDKROOT = iphoneos;
				SWIFT_ACTIVE_COMPILATION_CONDITIONS = DEBUG;
				SWIFT_OPTIMIZATION_LEVEL = "-Onone";
			};
			name = Debug;
		};
		3BA3FFC628638B7300F9524C /* Release */ = {
			isa = XCBuildConfiguration;
			buildSettings = {
				ALWAYS_SEARCH_USER_PATHS = NO;
				CLANG_ANALYZER_NONNULL = YES;
				CLANG_ANALYZER_NUMBER_OBJECT_CONVERSION = YES_AGGRESSIVE;
				CLANG_CXX_LANGUAGE_STANDARD = "gnu++17";
				CLANG_ENABLE_MODULES = YES;
				CLANG_ENABLE_OBJC_ARC = YES;
				CLANG_ENABLE_OBJC_WEAK = YES;
				CLANG_WARN_BLOCK_CAPTURE_AUTORELEASING = YES;
				CLANG_WARN_BOOL_CONVERSION = YES;
				CLANG_WARN_COMMA = YES;
				CLANG_WARN_CONSTANT_CONVERSION = YES;
				CLANG_WARN_DEPRECATED_OBJC_IMPLEMENTATIONS = YES;
				CLANG_WARN_DIRECT_OBJC_ISA_USAGE = YES_ERROR;
				CLANG_WARN_DOCUMENTATION_COMMENTS = YES;
				CLANG_WARN_EMPTY_BODY = YES;
				CLANG_WARN_ENUM_CONVERSION = YES;
				CLANG_WARN_INFINITE_RECURSION = YES;
				CLANG_WARN_INT_CONVERSION = YES;
				CLANG_WARN_NON_LITERAL_NULL_CONVERSION = YES;
				CLANG_WARN_OBJC_IMPLICIT_RETAIN_SELF = YES;
				CLANG_WARN_OBJC_LITERAL_CONVERSION = YES;
				CLANG_WARN_OBJC_ROOT_CLASS = YES_ERROR;
				CLANG_WARN_QUOTED_INCLUDE_IN_FRAMEWORK_HEADER = YES;
				CLANG_WARN_RANGE_LOOP_ANALYSIS = YES;
				CLANG_WARN_STRICT_PROTOTYPES = YES;
				CLANG_WARN_SUSPICIOUS_MOVE = YES;
				CLANG_WARN_UNGUARDED_AVAILABILITY = YES_AGGRESSIVE;
				CLANG_WARN_UNREACHABLE_CODE = YES;
				CLANG_WARN__DUPLICATE_METHOD_MATCH = YES;
				COPY_PHASE_STRIP = NO;
				DEBUG_INFORMATION_FORMAT = "dwarf-with-dsym";
				ENABLE_NS_ASSERTIONS = NO;
				ENABLE_STRICT_OBJC_MSGSEND = YES;
				GCC_C_LANGUAGE_STANDARD = gnu11;
				GCC_NO_COMMON_BLOCKS = YES;
				GCC_WARN_64_TO_32_BIT_CONVERSION = YES;
				GCC_WARN_ABOUT_RETURN_TYPE = YES_ERROR;
				GCC_WARN_UNDECLARED_SELECTOR = YES;
				GCC_WARN_UNINITIALIZED_AUTOS = YES_AGGRESSIVE;
				GCC_WARN_UNUSED_FUNCTION = YES;
				GCC_WARN_UNUSED_VARIABLE = YES;
				IPHONEOS_DEPLOYMENT_TARGET = 15.5;
				MTL_ENABLE_DEBUG_INFO = NO;
				MTL_FAST_MATH = YES;
				SDKROOT = iphoneos;
				SWIFT_COMPILATION_MODE = wholemodule;
				SWIFT_OPTIMIZATION_LEVEL = "-O";
				VALIDATE_PRODUCT = YES;
			};
			name = Release;
		};
		3BA3FFC828638B7300F9524C /* Debug */ = {
			isa = XCBuildConfiguration;
			buildSettings = {
				ASSETCATALOG_COMPILER_APPICON_NAME = AppIcon;
				ASSETCATALOG_COMPILER_GLOBAL_ACCENT_COLOR_NAME = AccentColor;
				CODE_SIGN_STYLE = Automatic;
				CURRENT_PROJECT_VERSION = 1;
				DEVELOPMENT_TEAM = 287LJBC724;
				GENERATE_INFOPLIST_FILE = YES;
				INFOPLIST_FILE = SpotifyClone/Info.plist;
				INFOPLIST_KEY_UIApplicationSupportsIndirectInputEvents = YES;
				INFOPLIST_KEY_UILaunchStoryboardName = LaunchScreen;
				INFOPLIST_KEY_UIMainStoryboardFile = LaunchScreen;
				INFOPLIST_KEY_UISupportedInterfaceOrientations_iPad = "UIInterfaceOrientationPortrait UIInterfaceOrientationPortraitUpsideDown UIInterfaceOrientationLandscapeLeft UIInterfaceOrientationLandscapeRight";
				INFOPLIST_KEY_UISupportedInterfaceOrientations_iPhone = "UIInterfaceOrientationPortrait UIInterfaceOrientationLandscapeLeft UIInterfaceOrientationLandscapeRight";
				LD_RUNPATH_SEARCH_PATHS = (
					"$(inherited)",
					"@executable_path/Frameworks",
				);
				MARKETING_VERSION = 1.0;
				PRODUCT_BUNDLE_IDENTIFIER = com.lama.SpotifyClone;
				PRODUCT_NAME = "$(TARGET_NAME)";
				SWIFT_EMIT_LOC_STRINGS = YES;
				SWIFT_VERSION = 5.0;
				TARGETED_DEVICE_FAMILY = "1,2";
			};
			name = Debug;
		};
		3BA3FFC928638B7300F9524C /* Release */ = {
			isa = XCBuildConfiguration;
			buildSettings = {
				ASSETCATALOG_COMPILER_APPICON_NAME = AppIcon;
				ASSETCATALOG_COMPILER_GLOBAL_ACCENT_COLOR_NAME = AccentColor;
				CODE_SIGN_STYLE = Automatic;
				CURRENT_PROJECT_VERSION = 1;
				DEVELOPMENT_TEAM = 287LJBC724;
				GENERATE_INFOPLIST_FILE = YES;
				INFOPLIST_FILE = SpotifyClone/Info.plist;
				INFOPLIST_KEY_UIApplicationSupportsIndirectInputEvents = YES;
				INFOPLIST_KEY_UILaunchStoryboardName = LaunchScreen;
				INFOPLIST_KEY_UIMainStoryboardFile = LaunchScreen;
				INFOPLIST_KEY_UISupportedInterfaceOrientations_iPad = "UIInterfaceOrientationPortrait UIInterfaceOrientationPortraitUpsideDown UIInterfaceOrientationLandscapeLeft UIInterfaceOrientationLandscapeRight";
				INFOPLIST_KEY_UISupportedInterfaceOrientations_iPhone = "UIInterfaceOrientationPortrait UIInterfaceOrientationLandscapeLeft UIInterfaceOrientationLandscapeRight";
				LD_RUNPATH_SEARCH_PATHS = (
					"$(inherited)",
					"@executable_path/Frameworks",
				);
				MARKETING_VERSION = 1.0;
				PRODUCT_BUNDLE_IDENTIFIER = com.lama.SpotifyClone;
				PRODUCT_NAME = "$(TARGET_NAME)";
				SWIFT_EMIT_LOC_STRINGS = YES;
				SWIFT_VERSION = 5.0;
				TARGETED_DEVICE_FAMILY = "1,2";
			};
			name = Release;
		};
/* End XCBuildConfiguration section */

/* Begin XCConfigurationList section */
		3BA3FFAE28638B7200F9524C /* Build configuration list for PBXProject "SpotifyClone" */ = {
			isa = XCConfigurationList;
			buildConfigurations = (
				3BA3FFC528638B7300F9524C /* Debug */,
				3BA3FFC628638B7300F9524C /* Release */,
			);
			defaultConfigurationIsVisible = 0;
			defaultConfigurationName = Release;
		};
		3BA3FFC728638B7300F9524C /* Build configuration list for PBXNativeTarget "SpotifyClone" */ = {
			isa = XCConfigurationList;
			buildConfigurations = (
				3BA3FFC828638B7300F9524C /* Debug */,
				3BA3FFC928638B7300F9524C /* Release */,
			);
			defaultConfigurationIsVisible = 0;
			defaultConfigurationName = Release;
		};
/* End XCConfigurationList section */
	};
	rootObject = 3BA3FFAB28638B7200F9524C /* Project object */;
}
